{
  "requires": true,
  "lockfileVersion": 1,
  "dependencies": {
    "codemirror": {
      "version": "5.58.1",
      "resolved": "https://registry.npmjs.org/codemirror/-/codemirror-5.58.1.tgz",
      "integrity": "sha512-UGb/ueu20U4xqWk8hZB3xIfV2/SFqnSLYONiM3wTMDqko0bsYrsAkGGhqUzbRkYm89aBKPyHtuNEbVWF9FTFzw=="
    },
    "codemirror-spell-checker": {
      "version": "1.1.2",
      "resolved": "https://registry.npmjs.org/codemirror-spell-checker/-/codemirror-spell-checker-1.1.2.tgz",
      "integrity": "sha1-HGYPkIlIPMtRE7m6nKGcP0mTNx4=",
      "requires": {
        "typo-js": "*"
      }
    },
    "github-markdown-css": {
      "version": "4.0.0",
      "resolved": "https://registry.npmjs.org/github-markdown-css/-/github-markdown-css-4.0.0.tgz",
      "integrity": "sha512-mH0bcIKv4XAN0mQVokfTdKo2OD5K8WJE9+lbMdM32/q0Ie5tXgVN/2o+zvToRMxSTUuiTRcLg5hzkFfOyBYreg=="
    },
    "marked": {
      "version": "1.2.0",
      "resolved": "https://registry.npmjs.org/marked/-/marked-1.2.0.tgz",
      "integrity": "sha512-tiRxakgbNPBr301ihe/785NntvYyhxlqcL3YaC8CaxJQh7kiaEtrN9B/eK2I2943Yjkh5gw25chYFDQhOMCwMA=="
    },
    "simplemde": {
      "version": "1.11.2",
      "resolved": "https://registry.npmjs.org/simplemde/-/simplemde-1.11.2.tgz",
      "integrity": "sha1-ojo12XjSxA7wfewAjJLwcNjggOM=",
      "requires": {
        "codemirror": "*",
        "codemirror-spell-checker": "*",
        "marked": "*"
      }
    },
    "typo-js": {
      "version": "1.1.0",
      "resolved": "https://registry.npmjs.org/typo-js/-/typo-js-1.1.0.tgz",
      "integrity": "sha512-W3kLbx+ML9PBl5Bzso/lTvVxk4BCveSNAtQeht59FEtxCdGThmn6wSHA4Xq3eQYAK24NHdisMM4JmsK0GFy/pg=="
    },
    "vue-simplemde": {
      "version": "1.1.2",
      "resolved": "https://registry.npmjs.org/vue-simplemde/-/vue-simplemde-1.1.2.tgz",
      "integrity": "sha512-PuiReBtdMUzBnmkcoybMEHgTQ2DxRqWTSJR+UItMVH3WUDjlCKTgENuq6krE//UU7C62lWrUOOfOmD5xIK4TSA==",
      "requires": {
        "marked": "*",
        "simplemde": "*"
      }
    }
  }
}
